// !$*UTF8*$!
{
	archiveVersion = 1;
	classes = {
	};
	objectVersion = 50;
	objects = {

/* Begin PBXBuildFile section */
		2921342C2A8FF9700074A413 /* ListaViewController.swift in Sources */ = {isa = PBXBuildFile; fileRef = 2921342B2A8FF9700074A413 /* ListaViewController.swift */; };
		292134302A9002110074A413 /* VolSignupViewController.swift in Sources */ = {isa = PBXBuildFile; fileRef = 2921342F2A9002110074A413 /* VolSignupViewController.swift */; };
		292134322A90050C0074A413 /* BenSignupViewController.swift in Sources */ = {isa = PBXBuildFile; fileRef = 292134312A90050C0074A413 /* BenSignupViewController.swift */; };
		292134342A9006FD0074A413 /* BenBajaViewController.swift in Sources */ = {isa = PBXBuildFile; fileRef = 292134332A9006FD0074A413 /* BenBajaViewController.swift */; };
		292134362A900C7D0074A413 /* TipsViewController.swift in Sources */ = {isa = PBXBuildFile; fileRef = 292134352A900C7D0074A413 /* TipsViewController.swift */; };
		29284C262A8EB853008F7E76 /* AppDelegate.swift in Sources */ = {isa = PBXBuildFile; fileRef = 29284C252A8EB853008F7E76 /* AppDelegate.swift */; };
		29284C282A8EB853008F7E76 /* SceneDelegate.swift in Sources */ = {isa = PBXBuildFile; fileRef = 29284C272A8EB853008F7E76 /* SceneDelegate.swift */; };
		29284C2A2A8EB853008F7E76 /* ViewController.swift in Sources */ = {isa = PBXBuildFile; fileRef = 29284C292A8EB853008F7E76 /* ViewController.swift */; };
		29284C2D2A8EB853008F7E76 /* Main.storyboard in Resources */ = {isa = PBXBuildFile; fileRef = 29284C2B2A8EB853008F7E76 /* Main.storyboard */; };
		29284C2F2A8EB854008F7E76 /* Assets.xcassets in Resources */ = {isa = PBXBuildFile; fileRef = 29284C2E2A8EB854008F7E76 /* Assets.xcassets */; };
		29284C322A8EB854008F7E76 /* LaunchScreen.storyboard in Resources */ = {isa = PBXBuildFile; fileRef = 29284C302A8EB854008F7E76 /* LaunchScreen.storyboard */; };
		29BEC15C2AA2ED2E00124B38 /* VoluntarioInfoViewController.swift in Sources */ = {isa = PBXBuildFile; fileRef = 29BEC15B2AA2ED2E00124B38 /* VoluntarioInfoViewController.swift */; };
		29BEC15E2AA2EE8800124B38 /* ConfigViewController.swift in Sources */ = {isa = PBXBuildFile; fileRef = 29BEC15D2AA2EE8800124B38 /* ConfigViewController.swift */; };
/* End PBXBuildFile section */

/* Begin PBXFileReference section */
		2921342B2A8FF9700074A413 /* ListaViewController.swift */ = {isa = PBXFileReference; fileEncoding = 4; lastKnownFileType = sourcecode.swift; path = ListaViewController.swift; sourceTree = "<group>"; };
		2921342F2A9002110074A413 /* VolSignupViewController.swift */ = {isa = PBXFileReference; lastKnownFileType = sourcecode.swift; path = VolSignupViewController.swift; sourceTree = "<group>"; };
		292134312A90050C0074A413 /* BenSignupViewController.swift */ = {isa = PBXFileReference; lastKnownFileType = sourcecode.swift; path = BenSignupViewController.swift; sourceTree = "<group>"; };
		292134332A9006FD0074A413 /* BenBajaViewController.swift */ = {isa = PBXFileReference; lastKnownFileType = sourcecode.swift; path = BenBajaViewController.swift; sourceTree = "<group>"; };
		292134352A900C7D0074A413 /* TipsViewController.swift */ = {isa = PBXFileReference; lastKnownFileType = sourcecode.swift; path = TipsViewController.swift; sourceTree = "<group>"; };
		29284C222A8EB853008F7E76 /* Reto_Mockups.app */ = {isa = PBXFileReference; explicitFileType = wrapper.application; includeInIndex = 0; path = Reto_Mockups.app; sourceTree = BUILT_PRODUCTS_DIR; };
		29284C252A8EB853008F7E76 /* AppDelegate.swift */ = {isa = PBXFileReference; lastKnownFileType = sourcecode.swift; path = AppDelegate.swift; sourceTree = "<group>"; };
		29284C272A8EB853008F7E76 /* SceneDelegate.swift */ = {isa = PBXFileReference; lastKnownFileType = sourcecode.swift; path = SceneDelegate.swift; sourceTree = "<group>"; };
		29284C292A8EB853008F7E76 /* ViewController.swift */ = {isa = PBXFileReference; lastKnownFileType = sourcecode.swift; path = ViewController.swift; sourceTree = "<group>"; };
		29284C2C2A8EB853008F7E76 /* Base */ = {isa = PBXFileReference; lastKnownFileType = file.storyboard; name = Base; path = Base.lproj/Main.storyboard; sourceTree = "<group>"; };
		29284C2E2A8EB854008F7E76 /* Assets.xcassets */ = {isa = PBXFileReference; lastKnownFileType = folder.assetcatalog; path = Assets.xcassets; sourceTree = "<group>"; };
		29284C312A8EB854008F7E76 /* Base */ = {isa = PBXFileReference; lastKnownFileType = file.storyboard; name = Base; path = Base.lproj/LaunchScreen.storyboard; sourceTree = "<group>"; };
		29284C332A8EB854008F7E76 /* Info.plist */ = {isa = PBXFileReference; lastKnownFileType = text.plist.xml; path = Info.plist; sourceTree = "<group>"; };
		29BEC15B2AA2ED2E00124B38 /* VoluntarioInfoViewController.swift */ = {isa = PBXFileReference; lastKnownFileType = sourcecode.swift; path = VoluntarioInfoViewController.swift; sourceTree = "<group>"; };
		29BEC15D2AA2EE8800124B38 /* ConfigViewController.swift */ = {isa = PBXFileReference; lastKnownFileType = sourcecode.swift; path = ConfigViewController.swift; sourceTree = "<group>"; };
/* End PBXFileReference section */

/* Begin PBXFrameworksBuildPhase section */
		29284C1F2A8EB853008F7E76 /* Frameworks */ = {
			isa = PBXFrameworksBuildPhase;
			buildActionMask = 2147483647;
			files = (
			);
			runOnlyForDeploymentPostprocessing = 0;
		};
/* End PBXFrameworksBuildPhase section */

/* Begin PBXGroup section */
		29284C192A8EB853008F7E76 = {
			isa = PBXGroup;
			children = (
				29284C242A8EB853008F7E76 /* Reto_Mockups */,
				29284C232A8EB853008F7E76 /* Products */,
			);
			sourceTree = "<group>";
		};
		29284C232A8EB853008F7E76 /* Products */ = {
			isa = PBXGroup;
			children = (
				29284C222A8EB853008F7E76 /* Reto_Mockups.app */,
			);
			name = Products;
			sourceTree = "<group>";
		};
		29284C242A8EB853008F7E76 /* Reto_Mockups */ = {
			isa = PBXGroup;
			children = (
				29284C252A8EB853008F7E76 /* AppDelegate.swift */,
				29284C272A8EB853008F7E76 /* SceneDelegate.swift */,
				29284C292A8EB853008F7E76 /* ViewController.swift */,
				29284C2B2A8EB853008F7E76 /* Main.storyboard */,
				2921342B2A8FF9700074A413 /* ListaViewController.swift */,
				29284C2E2A8EB854008F7E76 /* Assets.xcassets */,
				29284C302A8EB854008F7E76 /* LaunchScreen.storyboard */,
				29284C332A8EB854008F7E76 /* Info.plist */,
				2921342F2A9002110074A413 /* VolSignupViewController.swift */,
				292134312A90050C0074A413 /* BenSignupViewController.swift */,
				292134332A9006FD0074A413 /* BenBajaViewController.swift */,
				292134352A900C7D0074A413 /* TipsViewController.swift */,
				29BEC15B2AA2ED2E00124B38 /* VoluntarioInfoViewController.swift */,
				29BEC15D2AA2EE8800124B38 /* ConfigViewController.swift */,
			);
			path = Reto_Mockups;
			sourceTree = "<group>";
		};
/* End PBXGroup section */

/* Begin PBXNativeTarget section */
		29284C212A8EB853008F7E76 /* Reto_Mockups */ = {
			isa = PBXNativeTarget;
			buildConfigurationList = 29284C362A8EB854008F7E76 /* Build configuration list for PBXNativeTarget "Reto_Mockups" */;
			buildPhases = (
				29284C1E2A8EB853008F7E76 /* Sources */,
				29284C1F2A8EB853008F7E76 /* Frameworks */,
				29284C202A8EB853008F7E76 /* Resources */,
			);
			buildRules = (
			);
			dependencies = (
			);
			name = Reto_Mockups;
			productName = Reto_Mockups;
			productReference = 29284C222A8EB853008F7E76 /* Reto_Mockups.app */;
			productType = "com.apple.product-type.application";
		};
/* End PBXNativeTarget section */

/* Begin PBXProject section */
		29284C1A2A8EB853008F7E76 /* Project object */ = {
			isa = PBXProject;
			attributes = {
				LastSwiftUpdateCheck = 1250;
				LastUpgradeCheck = 1250;
				TargetAttributes = {
					29284C212A8EB853008F7E76 = {
						CreatedOnToolsVersion = 12.5.1;
					};
				};
			};
			buildConfigurationList = 29284C1D2A8EB853008F7E76 /* Build configuration list for PBXProject "Reto_Mockups" */;
			compatibilityVersion = "Xcode 9.3";
			developmentRegion = en;
			hasScannedForEncodings = 0;
			knownRegions = (
				en,
				Base,
			);
			mainGroup = 29284C192A8EB853008F7E76;
			productRefGroup = 29284C232A8EB853008F7E76 /* Products */;
			projectDirPath = "";
			projectRoot = "";
			targets = (
				29284C212A8EB853008F7E76 /* Reto_Mockups */,
			);
		};
/* End PBXProject section */

/* Begin PBXResourcesBuildPhase section */
		29284C202A8EB853008F7E76 /* Resources */ = {
			isa = PBXResourcesBuildPhase;
			buildActionMask = 2147483647;
			files = (
				29284C322A8EB854008F7E76 /* LaunchScreen.storyboard in Resources */,
				29284C2F2A8EB854008F7E76 /* Assets.xcassets in Resources */,
				29284C2D2A8EB853008F7E76 /* Main.storyboard in Resources */,
			);
			runOnlyForDeploymentPostprocessing = 0;
		};
/* End PBXResourcesBuildPhase section */

/* Begin PBXSourcesBuildPhase section */
		29284C1E2A8EB853008F7E76 /* Sources */ = {
			isa = PBXSourcesBuildPhase;
			buildActionMask = 2147483647;
			files = (
				292134322A90050C0074A413 /* BenSignupViewController.swift in Sources */,
				292134342A9006FD0074A413 /* BenBajaViewController.swift in Sources */,
				292134362A900C7D0074A413 /* TipsViewController.swift in Sources */,
				292134302A9002110074A413 /* VolSignupViewController.swift in Sources */,
				29BEC15C2AA2ED2E00124B38 /* VoluntarioInfoViewController.swift in Sources */,
				2921342C2A8FF9700074A413 /* ListaViewController.swift in Sources */,
				29284C2A2A8EB853008F7E76 /* ViewController.swift in Sources */,
				29284C262A8EB853008F7E76 /* AppDelegate.swift in Sources */,
				29BEC15E2AA2EE8800124B38 /* ConfigViewController.swift in Sources */,
				29284C282A8EB853008F7E76 /* SceneDelegate.swift in Sources */,
			);
			runOnlyForDeploymentPostprocessing = 0;
		};
/* End PBXSourcesBuildPhase section */

/* Begin PBXVariantGroup section */
		29284C2B2A8EB853008F7E76 /* Main.storyboard */ = {
			isa = PBXVariantGroup;
			children = (
				29284C2C2A8EB853008F7E76 /* Base */,
			);
			name = Main.storyboard;
			sourceTree = "<group>";
		};
		29284C302A8EB854008F7E76 /* LaunchScreen.storyboard */ = {
			isa = PBXVariantGroup;
			children = (
				29284C312A8EB854008F7E76 /* Base */,
			);
			name = LaunchScreen.storyboard;
			sourceTree = "<group>";
		};
/* End PBXVariantGroup section */

/* Begin XCBuildConfiguration section */
		29284C342A8EB854008F7E76 /* Debug */ = {
			isa = XCBuildConfiguration;
			buildSettings = {
				ALWAYS_SEARCH_USER_PATHS = NO;
				CLANG_ANALYZER_NONNULL = YES;
				CLANG_ANALYZER_NUMBER_OBJECT_CONVERSION = YES_AGGRESSIVE;
				CLANG_CXX_LANGUAGE_STANDARD = "gnu++14";
				CLANG_CXX_LIBRARY = "libc++";
				CLANG_ENABLE_MODULES = YES;
				CLANG_ENABLE_OBJC_ARC = YES;
				CLANG_ENABLE_OBJC_WEAK = YES;
				CLANG_WARN_BLOCK_CAPTURE_AUTORELEASING = YES;
				CLANG_WARN_BOOL_CONVERSION = YES;
				CLANG_WARN_COMMA = YES;
				CLANG_WARN_CONSTANT_CONVERSION = YES;
				CLANG_WARN_DEPRECATED_OBJC_IMPLEMENTATIONS = YES;
				CLANG_WARN_DIRECT_OBJC_ISA_USAGE = YES_ERROR;
				CLANG_WARN_DOCUMENTATION_COMMENTS = YES;
				CLANG_WARN_EMPTY_BODY = YES;
				CLANG_WARN_ENUM_CONVERSION = YES;
				CLANG_WARN_INFINITE_RECURSION = YES;
				CLANG_WARN_INT_CONVERSION = YES;
				CLANG_WARN_NON_LITERAL_NULL_CONVERSION = YES;
				CLANG_WARN_OBJC_IMPLICIT_RETAIN_SELF = YES;
				CLANG_WARN_OBJC_LITERAL_CONVERSION = YES;
				CLANG_WARN_OBJC_ROOT_CLASS = YES_ERROR;
				CLANG_WARN_QUOTED_INCLUDE_IN_FRAMEWORK_HEADER = YES;
				CLANG_WARN_RANGE_LOOP_ANALYSIS = YES;
				CLANG_WARN_STRICT_PROTOTYPES = YES;
				CLANG_WARN_SUSPICIOUS_MOVE = YES;
				CLANG_WARN_UNGUARDED_AVAILABILITY = YES_AGGRESSIVE;
				CLANG_WARN_UNREACHABLE_CODE = YES;
				CLANG_WARN__DUPLICATE_METHOD_MATCH = YES;
				COPY_PHASE_STRIP = NO;
				DEBUG_INFORMATION_FORMAT = dwarf;
				ENABLE_STRICT_OBJC_MSGSEND = YES;
				ENABLE_TESTABILITY = YES;
				GCC_C_LANGUAGE_STANDARD = gnu11;
				GCC_DYNAMIC_NO_PIC = NO;
				GCC_NO_COMMON_BLOCKS = YES;
				GCC_OPTIMIZATION_LEVEL = 0;
				GCC_PREPROCESSOR_DEFINITIONS = (
					"DEBUG=1",
					"$(inherited)",
				);
				GCC_WARN_64_TO_32_BIT_CONVERSION = YES;
				GCC_WARN_ABOUT_RETURN_TYPE = YES_ERROR;
				GCC_WARN_UNDECLARED_SELECTOR = YES;
				GCC_WARN_UNINITIALIZED_AUTOS = YES_AGGRESSIVE;
				GCC_WARN_UNUSED_FUNCTION = YES;
				GCC_WARN_UNUSED_VARIABLE = YES;
				IPHONEOS_DEPLOYMENT_TARGET = 14.5;
				MTL_ENABLE_DEBUG_INFO = INCLUDE_SOURCE;
				MTL_FAST_MATH = YES;
				ONLY_ACTIVE_ARCH = YES;
				SDKROOT = iphoneos;
				SWIFT_ACTIVE_COMPILATION_CONDITIONS = DEBUG;
				SWIFT_OPTIMIZATION_LEVEL = "-Onone";
			};
			name = Debug;
		};
		29284C352A8EB854008F7E76 /* Release */ = {
			isa = XCBuildConfiguration;
			buildSettings = {
				ALWAYS_SEARCH_USER_PATHS = NO;
				CLANG_ANALYZER_NONNULL = YES;
				CLANG_ANALYZER_NUMBER_OBJECT_CONVERSION = YES_AGGRESSIVE;
				CLANG_CXX_LANGUAGE_STANDARD = "gnu++14";
				CLANG_CXX_LIBRARY = "libc++";
				CLANG_ENABLE_MODULES = YES;
				CLANG_ENABLE_OBJC_ARC = YES;
				CLANG_ENABLE_OBJC_WEAK = YES;
				CLANG_WARN_BLOCK_CAPTURE_AUTORELEASING = YES;
				CLANG_WARN_BOOL_CONVERSION = YES;
				CLANG_WARN_COMMA = YES;
				CLANG_WARN_CONSTANT_CONVERSION = YES;
				CLANG_WARN_DEPRECATED_OBJC_IMPLEMENTATIONS = YES;
				CLANG_WARN_DIRECT_OBJC_ISA_USAGE = YES_ERROR;
				CLANG_WARN_DOCUMENTATION_COMMENTS = YES;
				CLANG_WARN_EMPTY_BODY = YES;
				CLANG_WARN_ENUM_CONVERSION = YES;
				CLANG_WARN_INFINITE_RECURSION = YES;
				CLANG_WARN_INT_CONVERSION = YES;
				CLANG_WARN_NON_LITERAL_NULL_CONVERSION = YES;
				CLANG_WARN_OBJC_IMPLICIT_RETAIN_SELF = YES;
				CLANG_WARN_OBJC_LITERAL_CONVERSION = YES;
				CLANG_WARN_OBJC_ROOT_CLASS = YES_ERROR;
				CLANG_WARN_QUOTED_INCLUDE_IN_FRAMEWORK_HEADER = YES;
				CLANG_WARN_RANGE_LOOP_ANALYSIS = YES;
				CLANG_WARN_STRICT_PROTOTYPES = YES;
				CLANG_WARN_SUSPICIOUS_MOVE = YES;
				CLANG_WARN_UNGUARDED_AVAILABILITY = YES_AGGRESSIVE;
				CLANG_WARN_UNREACHABLE_CODE = YES;
				CLANG_WARN__DUPLICATE_METHOD_MATCH = YES;
				COPY_PHASE_STRIP = NO;
				DEBUG_INFORMATION_FORMAT = "dwarf-with-dsym";
				ENABLE_NS_ASSERTIONS = NO;
				ENABLE_STRICT_OBJC_MSGSEND = YES;
				GCC_C_LANGUAGE_STANDARD = gnu11;
				GCC_NO_COMMON_BLOCKS = YES;
				GCC_WARN_64_TO_32_BIT_CONVERSION = YES;
				GCC_WARN_ABOUT_RETURN_TYPE = YES_ERROR;
				GCC_WARN_UNDECLARED_SELECTOR = YES;
				GCC_WARN_UNINITIALIZED_AUTOS = YES_AGGRESSIVE;
				GCC_WARN_UNUSED_FUNCTION = YES;
				GCC_WARN_UNUSED_VARIABLE = YES;
				IPHONEOS_DEPLOYMENT_TARGET = 14.5;
				MTL_ENABLE_DEBUG_INFO = NO;
				MTL_FAST_MATH = YES;
				SDKROOT = iphoneos;
				SWIFT_COMPILATION_MODE = wholemodule;
				SWIFT_OPTIMIZATION_LEVEL = "-O";
				VALIDATE_PRODUCT = YES;
			};
			name = Release;
		};
		29284C372A8EB854008F7E76 /* Debug */ = {
			isa = XCBuildConfiguration;
			buildSettings = {
				ASSETCATALOG_COMPILER_APPICON_NAME = AppIcon;
				ASSETCATALOG_COMPILER_GLOBAL_ACCENT_COLOR_NAME = AccentColor;
				CODE_SIGN_STYLE = Automatic;
				INFOPLIST_FILE = Reto_Mockups/Info.plist;
				LD_RUNPATH_SEARCH_PATHS = (
					"$(inherited)",
					"@executable_path/Frameworks",
				);
				PRODUCT_BUNDLE_IDENTIFIER = "S.Reto-Mockups";
				PRODUCT_NAME = "$(TARGET_NAME)";
				SWIFT_VERSION = 5.0;
				TARGETED_DEVICE_FAMILY = "1,2";
			};
			name = Debug;
		};
		29284C382A8EB854008F7E76 /* Release */ = {
			isa = XCBuildConfiguration;
			buildSettings = {
				ASSETCATALOG_COMPILER_APPICON_NAME = AppIcon;
				ASSETCATALOG_COMPILER_GLOBAL_ACCENT_COLOR_NAME = AccentColor;
				CODE_SIGN_STYLE = Automatic;
				INFOPLIST_FILE = Reto_Mockups/Info.plist;
				LD_RUNPATH_SEARCH_PATHS = (
					"$(inherited)",
					"@executable_path/Frameworks",
				);
				PRODUCT_BUNDLE_IDENTIFIER = "S.Reto-Mockups";
				PRODUCT_NAME = "$(TARGET_NAME)";
				SWIFT_VERSION = 5.0;
				TARGETED_DEVICE_FAMILY = "1,2";
			};
			name = Release;
		};
/* End XCBuildConfiguration section */

/* Begin XCConfigurationList section */
		29284C1D2A8EB853008F7E76 /* Build configuration list for PBXProject "Reto_Mockups" */ = {
			isa = XCConfigurationList;
			buildConfigurations = (
				29284C342A8EB854008F7E76 /* Debug */,
				29284C352A8EB854008F7E76 /* Release */,
			);
			defaultConfigurationIsVisible = 0;
			defaultConfigurationName = Release;
		};
		29284C362A8EB854008F7E76 /* Build configuration list for PBXNativeTarget "Reto_Mockups" */ = {
			isa = XCConfigurationList;
			buildConfigurations = (
				29284C372A8EB854008F7E76 /* Debug */,
				29284C382A8EB854008F7E76 /* Release */,
			);
			defaultConfigurationIsVisible = 0;
			defaultConfigurationName = Release;
		};
/* End XCConfigurationList section */
	};
	rootObject = 29284C1A2A8EB853008F7E76 /* Project object */;
}
